<?xml version="1.0" encoding="utf-8"?>
<Project ToolsVersion="4.0" xmlns="http://schemas.microsoft.com/developer/msbuild/2003">
  <ItemGroup>
    <Filter Include="源文件">
      <UniqueIdentifier>{4FC737F1-C7A5-4376-A066-2A32D752A2FF}</UniqueIdentifier>
      <Extensions>cpp;c;cc;cxx;c++;cppm;ixx;def;odl;idl;hpj;bat;asm;asmx</Extensions>
    </Filter>
    <Filter Include="头文件">
      <UniqueIdentifier>{93995380-89BD-4b04-88EB-625FBE52EBFB}</UniqueIdentifier>
      <Extensions>h;hh;hpp;hxx;h++;hm;inl;inc;ipp;xsd</Extensions>
    </Filter>
    <Filter Include="资源文件">
      <UniqueIdentifier>{67DA6AB6-F800-4c08-8B7A-83BB121AAD01}</UniqueIdentifier>
      <Extensions>rc;ico;cur;bmp;dlg;rc2;rct;bin;rgs;gif;jpg;jpeg;jpe;resx;tiff;tif;png;wav;mfcribbon-ms</Extensions>
    </Filter>
    <Filter Include="源文件\xop">
      <UniqueIdentifier>{0c72fbe6-1a16-4884-941d-98f1d6596951}</UniqueIdentifier>
    </Filter>
    <Filter Include="源文件\net">
      <UniqueIdentifier>{77017a3e-6356-4206-95c6-df05fd6e7ad6}</UniqueIdentifier>
    </Filter>
    <Filter Include="源文件\test">
      <UniqueIdentifier>{ac57514d-b671-44d7-8da3-67a48a5cde71}</UniqueIdentifier>
    </Filter>
  </ItemGroup>
  <ItemGroup>
    <ClCompile Include="rtsp.cpp">
      <Filter>源文件</Filter>
    </ClCompile>
    <ClCompile Include="..\..\src\rtsp\CRtspServer.cpp">
      <Filter>源文件</Filter>
    </ClCompile>
    <ClCompile Include="..\..\src\rtsp\CRtspSessionManager.cpp">
      <Filter>源文件</Filter>
    </ClCompile>
    <ClCompile Include="..\..\src\rtsp\RtspSvrApi.cpp">
      <Filter>源文件</Filter>
    </ClCompile>
    <ClCompile Include="..\..\src\rtsp\CNet_PortPool.cpp">
      <Filter>源文件</Filter>
    </ClCompile>
    <ClCompile Include="..\..\src\rtsp\CRtspListener.cpp">
      <Filter>源文件</Filter>
    </ClCompile>
    <ClCompile Include="..\..\src\rtsp\net\Acceptor.cpp">
      <Filter>源文件\net</Filter>
    </ClCompile>
    <ClCompile Include="..\..\src\rtsp\net\BufferReader.cpp">
      <Filter>源文件\net</Filter>
    </ClCompile>
    <ClCompile Include="..\..\src\rtsp\net\BufferWriter.cpp">
      <Filter>源文件\net</Filter>
    </ClCompile>
    <ClCompile Include="..\..\src\rtsp\net\EpollTaskScheduler.cpp">
      <Filter>源文件\net</Filter>
    </ClCompile>
    <ClCompile Include="..\..\src\rtsp\net\EventLoop.cpp">
      <Filter>源文件\net</Filter>
    </ClCompile>
    <ClCompile Include="..\..\src\rtsp\net\Logger.cpp">
      <Filter>源文件\net</Filter>
    </ClCompile>
    <ClCompile Include="..\..\src\rtsp\net\MemoryManager.cpp">
      <Filter>源文件\net</Filter>
    </ClCompile>
    <ClCompile Include="..\..\src\rtsp\net\NetInterface.cpp">
      <Filter>源文件\net</Filter>
    </ClCompile>
    <ClCompile Include="..\..\src\rtsp\net\Pipe.cpp">
      <Filter>源文件\net</Filter>
    </ClCompile>
    <ClCompile Include="..\..\src\rtsp\net\SelectTaskScheduler.cpp">
      <Filter>源文件\net</Filter>
    </ClCompile>
    <ClCompile Include="..\..\src\rtsp\net\SocketUtil.cpp">
      <Filter>源文件\net</Filter>
    </ClCompile>
    <ClCompile Include="..\..\src\rtsp\net\TaskScheduler.cpp">
      <Filter>源文件\net</Filter>
    </ClCompile>
    <ClCompile Include="..\..\src\rtsp\net\TcpConnection.cpp">
      <Filter>源文件\net</Filter>
    </ClCompile>
    <ClCompile Include="..\..\src\rtsp\net\TcpServer.cpp">
      <Filter>源文件\net</Filter>
    </ClCompile>
    <ClCompile Include="..\..\src\rtsp\net\TcpSocket.cpp">
      <Filter>源文件\net</Filter>
    </ClCompile>
    <ClCompile Include="..\..\src\rtsp\net\Timer.cpp">
      <Filter>源文件\net</Filter>
    </ClCompile>
    <ClCompile Include="..\..\src\rtsp\net\Timestamp.cpp">
      <Filter>源文件\net</Filter>
    </ClCompile>
    <ClCompile Include="..\..\src\rtsp\xop\AACSource.cpp">
      <Filter>源文件\xop</Filter>
    </ClCompile>
    <ClCompile Include="..\..\src\rtsp\xop\DigestAuthentication.cpp">
      <Filter>源文件\xop</Filter>
    </ClCompile>
    <ClCompile Include="..\..\src\rtsp\xop\G711ASource.cpp">
      <Filter>源文件\xop</Filter>
    </ClCompile>
    <ClCompile Include="..\..\src\rtsp\xop\H264Parser.cpp">
      <Filter>源文件\xop</Filter>
    </ClCompile>
    <ClCompile Include="..\..\src\rtsp\xop\H264Source.cpp">
      <Filter>源文件\xop</Filter>
    </ClCompile>
    <ClCompile Include="..\..\src\rtsp\xop\H265Source.cpp">
      <Filter>源文件\xop</Filter>
    </ClCompile>
    <ClCompile Include="..\..\src\rtsp\xop\MediaSession.cpp">
      <Filter>源文件\xop</Filter>
    </ClCompile>
    <ClCompile Include="..\..\src\rtsp\xop\RtpConnection.cpp">
      <Filter>源文件\xop</Filter>
    </ClCompile>
    <ClCompile Include="..\..\src\rtsp\xop\RtspConnection.cpp">
      <Filter>源文件\xop</Filter>
    </ClCompile>
    <ClCompile Include="..\..\src\rtsp\xop\RtspMessage.cpp">
      <Filter>源文件\xop</Filter>
    </ClCompile>
    <ClCompile Include="..\..\src\rtsp\xop\RtspPusher.cpp">
      <Filter>源文件\xop</Filter>
    </ClCompile>
    <ClCompile Include="..\..\src\rtsp\xop\RtspServer.cpp">
      <Filter>源文件\xop</Filter>
    </ClCompile>
    <ClCompile Include="..\..\src\rtsp\xop\VP8Source.cpp">
      <Filter>源文件\xop</Filter>
    </ClCompile>
    <ClCompile Include="..\..\src\rtsp\test\rtsp_h264_file.cpp">
      <Filter>源文件\test</Filter>
    </ClCompile>
    <ClCompile Include="..\..\src\rtsp\test\rtsp_pusher.cpp">
      <Filter>源文件\test</Filter>
    </ClCompile>
    <ClCompile Include="..\..\src\rtsp\test\rtsp_server.cpp">
      <Filter>源文件\test</Filter>
    </ClCompile>
  </ItemGroup>
</Project>